
Microsoft Visual Studio Solution File, Format Version 12.00
# Visual Studio Version 17
VisualStudioVersion = 17.7.34202.233
MinimumVisualStudioVersion = 10.0.40219.1
Project("{9A19103F-16F7-4668-BE54-9A1E7A4F7556}") = "Application", "Application\Application.csproj", "{E6C78780-BDBF-4374-AA28-1A926B6DEB60}"
EndProject
Project("{2150E333-8FDC-42A3-9474-1A3956D46DE8}") = "SolutionFiles", "SolutionFiles", "{F58F5AE0-C175-4CE0-BD81-9EF0E91CAAE3}"
	ProjectSection(SolutionItems) = preProject
		.gitignore = .gitignore
		nuget.config = nuget.config
		README.md = README.md
	EndProjectSection
EndProject
Project("{9A19103F-16F7-4668-BE54-9A1E7A4F7556}") = "Tests", "Tests\Tests.csproj", "{D9AA7E52-143F-4084-9375-40A12A026782}"
EndProject
Global
	GlobalSection(SolutionConfigurationPlatforms) = preSolution
		Debug|Any CPU = Debug|Any CPU
		Release|Any CPU = Release|Any CPU
	EndGlobalSection
	GlobalSection(ProjectConfigurationPlatforms) = postSolution
		{E6C78780-BDBF-4374-AA28-1A926B6DEB60}.Debug|Any CPU.ActiveCfg = Debug|Any CPU
		{E6C78780-BDBF-4374-AA28-1A926B6DEB60}.Debug|Any CPU.Build.0 = Debug|Any CPU
		{E6C78780-BDBF-4374-AA28-1A926B6DEB60}.Release|Any CPU.ActiveCfg = Release|Any CPU
		{E6C78780-BDBF-4374-AA28-1A926B6DEB60}.Release|Any CPU.Build.0 = Release|Any CPU
		{D9AA7E52-143F-4084-9375-40A12A026782}.Debug|Any CPU.ActiveCfg = Debug|Any CPU
		{D9AA7E52-143F-4084-9375-40A12A026782}.Debug|Any CPU.Build.0 = Debug|Any CPU
		{D9AA7E52-143F-4084-9375-40A12A026782}.Release|Any CPU.ActiveCfg = Release|Any CPU
		{D9AA7E52-143F-4084-9375-40A12A026782}.Release|Any CPU.Build.0 = Release|Any CPU
	EndGlobalSection
	GlobalSection(SolutionProperties) = preSolution
		HideSolutionNode = FALSE
	EndGlobalSection
	GlobalSection(ExtensibilityGlobals) = postSolution
		SolutionGuid = {808C8667-5D84-4249-86A0-EC898A2C1017}
	EndGlobalSection
EndGlobal
